
Microsoft Visual Studio Solution File, Format Version 12.00
# Visual Studio Version 17
VisualStudioVersion = 17.4.33213.308
MinimumVisualStudioVersion = 10.0.40219.1
Project("{FAE04EC0-301F-11D3-BF4B-00C04F79EFBC}") = "RaceCondition", "RaceCondition\RaceCondition.csproj", "{07C44175-0C1C-467F-BCA8-A9C3D73C9A75}"
EndProject
Project("{FAE04EC0-301F-11D3-BF4B-00C04F79EFBC}") = "ThreadSafeSingleton", "ThreadSafeSingleton\ThreadSafeSingleton.csproj", "{987EFF12-BAFC-4A07-BD59-F2E9F92DAC6D}"
EndProject
Global
	GlobalSection(SolutionConfigurationPlatforms) = preSolution
		Debug|Any CPU = Debug|Any CPU
		Release|Any CPU = Release|Any CPU
	EndGlobalSection
	GlobalSection(ProjectConfigurationPlatforms) = postSolution
		{07C44175-0C1C-467F-BCA8-A9C3D73C9A75}.Debug|Any CPU.ActiveCfg = Debug|Any CPU
		{07C44175-0C1C-467F-BCA8-A9C3D73C9A75}.Debug|Any CPU.Build.0 = Debug|Any CPU
		{07C44175-0C1C-467F-BCA8-A9C3D73C9A75}.Release|Any CPU.ActiveCfg = Release|Any CPU
		{07C44175-0C1C-467F-BCA8-A9C3D73C9A75}.Release|Any CPU.Build.0 = Release|Any CPU
		{987EFF12-BAFC-4A07-BD59-F2E9F92DAC6D}.Debug|Any CPU.ActiveCfg = Debug|Any CPU
		{987EFF12-BAFC-4A07-BD59-F2E9F92DAC6D}.Debug|Any CPU.Build.0 = Debug|Any CPU
		{987EFF12-BAFC-4A07-BD59-F2E9F92DAC6D}.Release|Any CPU.ActiveCfg = Release|Any CPU
		{987EFF12-BAFC-4A07-BD59-F2E9F92DAC6D}.Release|Any CPU.Build.0 = Release|Any CPU
	EndGlobalSection
	GlobalSection(SolutionProperties) = preSolution
		HideSolutionNode = FALSE
	EndGlobalSection
	GlobalSection(ExtensibilityGlobals) = postSolution
		SolutionGuid = {80021ECC-2FEE-4BB1-AFC6-C47F7BBCF95C}
	EndGlobalSection
EndGlobal
